// !$*UTF8*$!
{
	archiveVersion = 1;
	classes = {
	};
	objectVersion = 46;
	objects = {

/* Begin PBXBuildFile section */
		055A05FF1E93AD7800025BDE /* main.m in Sources */ = {isa = PBXBuildFile; fileRef = 055A05FE1E93AD7800025BDE /* main.m */; };
		055A06021E93AD7800025BDE /* AppDelegate.m in Sources */ = {isa = PBXBuildFile; fileRef = 055A06011E93AD7800025BDE /* AppDelegate.m */; };
		055A060A1E93AD7800025BDE /* Assets.xcassets in Resources */ = {isa = PBXBuildFile; fileRef = 055A06091E93AD7800025BDE /* Assets.xcassets */; };
		055A060D1E93AD7800025BDE /* LaunchScreen.storyboard in Resources */ = {isa = PBXBuildFile; fileRef = 055A060B1E93AD7800025BDE /* LaunchScreen.storyboard */; };
		055A06181E93AD7800025BDE /* JKRSearchDemoTests.m in Sources */ = {isa = PBXBuildFile; fileRef = 055A06171E93AD7800025BDE /* JKRSearchDemoTests.m */; };
		055A06231E93AD7800025BDE /* JKRSearchDemoUITests.m in Sources */ = {isa = PBXBuildFile; fileRef = 055A06221E93AD7800025BDE /* JKRSearchDemoUITests.m */; };
		055A06321E93B02E00025BDE /* AppDelegate+JKRRootViewController.m in Sources */ = {isa = PBXBuildFile; fileRef = 055A06311E93B02E00025BDE /* AppDelegate+JKRRootViewController.m */; };
		055A06351E93B08A00025BDE /* JKRNavigationViewController.m in Sources */ = {isa = PBXBuildFile; fileRef = 055A06341E93B08A00025BDE /* JKRNavigationViewController.m */; };
		055A06381E93B09E00025BDE /* JKRRootViewController.m in Sources */ = {isa = PBXBuildFile; fileRef = 055A06371E93B09E00025BDE /* JKRRootViewController.m */; };
		055A063B1E93BB2000025BDE /* JKRTabBarController.m in Sources */ = {isa = PBXBuildFile; fileRef = 055A063A1E93BB2000025BDE /* JKRTabBarController.m */; };
		055A063E1E93BB3400025BDE /* JKRContactsViewController.m in Sources */ = {isa = PBXBuildFile; fileRef = 055A063D1E93BB3400025BDE /* JKRContactsViewController.m */; };
		055A06411E93BB3F00025BDE /* JKRFindViewController.m in Sources */ = {isa = PBXBuildFile; fileRef = 055A06401E93BB3F00025BDE /* JKRFindViewController.m */; };
		055A06441E93BB4600025BDE /* JKRMeViewController.m in Sources */ = {isa = PBXBuildFile; fileRef = 055A06431E93BB4600025BDE /* JKRMeViewController.m */; };
		055A06481E93C44300025BDE /* UINavigationBar+JKR_BackgroundColor.m in Sources */ = {isa = PBXBuildFile; fileRef = 055A06471E93C44300025BDE /* UINavigationBar+JKR_BackgroundColor.m */; };
		F39AD48D1E9B188A003F2279 /* UIColor+JKRColor.m in Sources */ = {isa = PBXBuildFile; fileRef = F39AD48C1E9B188A003F2279 /* UIColor+JKRColor.m */; };
		F39AD4901E9B1975003F2279 /* UIView+JKRTouch.m in Sources */ = {isa = PBXBuildFile; fileRef = F39AD48F1E9B1975003F2279 /* UIView+JKRTouch.m */; };
		F39AD4931E9B1991003F2279 /* UIViewController+JKRStatusBarStyle.m in Sources */ = {isa = PBXBuildFile; fileRef = F39AD4921E9B1991003F2279 /* UIViewController+JKRStatusBarStyle.m */; };
		F39AD4A81E9B2922003F2279 /* UIView+JKRSubView.m in Sources */ = {isa = PBXBuildFile; fileRef = F39AD4A71E9B2922003F2279 /* UIView+JKRSubView.m */; };
		F39AD4AB1E9B2A96003F2279 /* UIGestureRecognizer+JKRTouch.m in Sources */ = {isa = PBXBuildFile; fileRef = F39AD4AA1E9B2A96003F2279 /* UIGestureRecognizer+JKRTouch.m */; };
		F3E6A88F1E94D367008795DB /* UIView+JKRViewController.m in Sources */ = {isa = PBXBuildFile; fileRef = F3E6A88E1E94D367008795DB /* UIView+JKRViewController.m */; };
		F3E6A8951E94E838008795DB /* UIView+JKR_Frame.m in Sources */ = {isa = PBXBuildFile; fileRef = F3E6A8941E94E838008795DB /* UIView+JKR_Frame.m */; };
		F3E6A89B1E94FD30008795DB /* JKRSearchResultViewController.m in Sources */ = {isa = PBXBuildFile; fileRef = F3E6A89A1E94FD30008795DB /* JKRSearchResultViewController.m */; };
		F3E6A89D1E94FD3A008795DB /* country.txt in Resources */ = {isa = PBXBuildFile; fileRef = F3E6A89C1E94FD3A008795DB /* country.txt */; };
		F3E6A8A01E94FF3B008795DB /* JKRDataStore.m in Sources */ = {isa = PBXBuildFile; fileRef = F3E6A89F1E94FF3B008795DB /* JKRDataStore.m */; };
		F3F635261E9649AE0023D395 /* JKRTestViewController.m in Sources */ = {isa = PBXBuildFile; fileRef = F3F635251E9649AE0023D395 /* JKRTestViewController.m */; };
		F3FCB4B21E94A82C00BDBE36 /* JKRSearchBar.m in Sources */ = {isa = PBXBuildFile; fileRef = F3FCB4B11E94A82C00BDBE36 /* JKRSearchBar.m */; };
		F3FCB4B51E94A87E00BDBE36 /* JKRSearchController.m in Sources */ = {isa = PBXBuildFile; fileRef = F3FCB4B41E94A87E00BDBE36 /* JKRSearchController.m */; };
		F3FCB4BB1E94BE3500BDBE36 /* JKRSearchTextField.m in Sources */ = {isa = PBXBuildFile; fileRef = F3FCB4BA1E94BE3500BDBE36 /* JKRSearchTextField.m */; };
/* End PBXBuildFile section */

/* Begin PBXContainerItemProxy section */
		055A06141E93AD7800025BDE /* PBXContainerItemProxy */ = {
			isa = PBXContainerItemProxy;
			containerPortal = 055A05F21E93AD7800025BDE /* Project object */;
			proxyType = 1;
			remoteGlobalIDString = 055A05F91E93AD7800025BDE;
			remoteInfo = JKRSearchDemo;
		};
		055A061F1E93AD7800025BDE /* PBXContainerItemProxy */ = {
			isa = PBXContainerItemProxy;
			containerPortal = 055A05F21E93AD7800025BDE /* Project object */;
			proxyType = 1;
			remoteGlobalIDString = 055A05F91E93AD7800025BDE;
			remoteInfo = JKRSearchDemo;
		};
/* End PBXContainerItemProxy section */

/* Begin PBXFileReference section */
		055A05FA1E93AD7800025BDE /* JKRSearchDemo.app */ = {isa = PBXFileReference; explicitFileType = wrapper.application; includeInIndex = 0; path = JKRSearchDemo.app; sourceTree = BUILT_PRODUCTS_DIR; };
		055A05FE1E93AD7800025BDE /* main.m */ = {isa = PBXFileReference; lastKnownFileType = sourcecode.c.objc; path = main.m; sourceTree = "<group>"; };
		055A06001E93AD7800025BDE /* AppDelegate.h */ = {isa = PBXFileReference; lastKnownFileType = sourcecode.c.h; path = AppDelegate.h; sourceTree = "<group>"; };
		055A06011E93AD7800025BDE /* AppDelegate.m */ = {isa = PBXFileReference; lastKnownFileType = sourcecode.c.objc; path = AppDelegate.m; sourceTree = "<group>"; };
		055A06091E93AD7800025BDE /* Assets.xcassets */ = {isa = PBXFileReference; lastKnownFileType = folder.assetcatalog; path = Assets.xcassets; sourceTree = "<group>"; };
		055A060C1E93AD7800025BDE /* Base */ = {isa = PBXFileReference; lastKnownFileType = file.storyboard; name = Base; path = Base.lproj/LaunchScreen.storyboard; sourceTree = "<group>"; };
		055A060E1E93AD7800025BDE /* Info.plist */ = {isa = PBXFileReference; lastKnownFileType = text.plist.xml; path = Info.plist; sourceTree = "<group>"; };
		055A06131E93AD7800025BDE /* JKRSearchDemoTests.xctest */ = {isa = PBXFileReference; explicitFileType = wrapper.cfbundle; includeInIndex = 0; path = JKRSearchDemoTests.xctest; sourceTree = BUILT_PRODUCTS_DIR; };
		055A06171E93AD7800025BDE /* JKRSearchDemoTests.m */ = {isa = PBXFileReference; lastKnownFileType = sourcecode.c.objc; path = JKRSearchDemoTests.m; sourceTree = "<group>"; };
		055A06191E93AD7800025BDE /* Info.plist */ = {isa = PBXFileReference; lastKnownFileType = text.plist.xml; path = Info.plist; sourceTree = "<group>"; };
		055A061E1E93AD7800025BDE /* JKRSearchDemoUITests.xctest */ = {isa = PBXFileReference; explicitFileType = wrapper.cfbundle; includeInIndex = 0; path = JKRSearchDemoUITests.xctest; sourceTree = BUILT_PRODUCTS_DIR; };
		055A06221E93AD7800025BDE /* JKRSearchDemoUITests.m */ = {isa = PBXFileReference; lastKnownFileType = sourcecode.c.objc; path = JKRSearchDemoUITests.m; sourceTree = "<group>"; };
		055A06241E93AD7800025BDE /* Info.plist */ = {isa = PBXFileReference; lastKnownFileType = text.plist.xml; path = Info.plist; sourceTree = "<group>"; };
		055A06301E93B02E00025BDE /* AppDelegate+JKRRootViewController.h */ = {isa = PBXFileReference; fileEncoding = 4; lastKnownFileType = sourcecode.c.h; path = "AppDelegate+JKRRootViewController.h"; sourceTree = "<group>"; };
		055A06311E93B02E00025BDE /* AppDelegate+JKRRootViewController.m */ = {isa = PBXFileReference; fileEncoding = 4; lastKnownFileType = sourcecode.c.objc; path = "AppDelegate+JKRRootViewController.m"; sourceTree = "<group>"; };
		055A06331E93B08A00025BDE /* JKRNavigationViewController.h */ = {isa = PBXFileReference; fileEncoding = 4; lastKnownFileType = sourcecode.c.h; path = JKRNavigationViewController.h; sourceTree = "<group>"; };
		055A06341E93B08A00025BDE /* JKRNavigationViewController.m */ = {isa = PBXFileReference; fileEncoding = 4; lastKnownFileType = sourcecode.c.objc; path = JKRNavigationViewController.m; sourceTree = "<group>"; };
		055A06361E93B09E00025BDE /* JKRRootViewController.h */ = {isa = PBXFileReference; fileEncoding = 4; lastKnownFileType = sourcecode.c.h; path = JKRRootViewController.h; sourceTree = "<group>"; };
		055A06371E93B09E00025BDE /* JKRRootViewController.m */ = {isa = PBXFileReference; fileEncoding = 4; lastKnownFileType = sourcecode.c.objc; path = JKRRootViewController.m; sourceTree = "<group>"; };
		055A06391E93BB2000025BDE /* JKRTabBarController.h */ = {isa = PBXFileReference; fileEncoding = 4; lastKnownFileType = sourcecode.c.h; path = JKRTabBarController.h; sourceTree = "<group>"; };
		055A063A1E93BB2000025BDE /* JKRTabBarController.m */ = {isa = PBXFileReference; fileEncoding = 4; lastKnownFileType = sourcecode.c.objc; path = JKRTabBarController.m; sourceTree = "<group>"; };
		055A063C1E93BB3400025BDE /* JKRContactsViewController.h */ = {isa = PBXFileReference; fileEncoding = 4; lastKnownFileType = sourcecode.c.h; path = JKRContactsViewController.h; sourceTree = "<group>"; };
		055A063D1E93BB3400025BDE /* JKRContactsViewController.m */ = {isa = PBXFileReference; fileEncoding = 4; lastKnownFileType = sourcecode.c.objc; path = JKRContactsViewController.m; sourceTree = "<group>"; };
		055A063F1E93BB3F00025BDE /* JKRFindViewController.h */ = {isa = PBXFileReference; fileEncoding = 4; lastKnownFileType = sourcecode.c.h; path = JKRFindViewController.h; sourceTree = "<group>"; };
		055A06401E93BB3F00025BDE /* JKRFindViewController.m */ = {isa = PBXFileReference; fileEncoding = 4; lastKnownFileType = sourcecode.c.objc; path = JKRFindViewController.m; sourceTree = "<group>"; };
		055A06421E93BB4600025BDE /* JKRMeViewController.h */ = {isa = PBXFileReference; fileEncoding = 4; lastKnownFileType = sourcecode.c.h; path = JKRMeViewController.h; sourceTree = "<group>"; };
		055A06431E93BB4600025BDE /* JKRMeViewController.m */ = {isa = PBXFileReference; fileEncoding = 4; lastKnownFileType = sourcecode.c.objc; path = JKRMeViewController.m; sourceTree = "<group>"; };
		055A06451E93BD4100025BDE /* JKRSearchHeader.h */ = {isa = PBXFileReference; lastKnownFileType = sourcecode.c.h; path = JKRSearchHeader.h; sourceTree = "<group>"; };
		055A06461E93C44300025BDE /* UINavigationBar+JKR_BackgroundColor.h */ = {isa = PBXFileReference; fileEncoding = 4; lastKnownFileType = sourcecode.c.h; path = "UINavigationBar+JKR_BackgroundColor.h"; sourceTree = "<group>"; };
		055A06471E93C44300025BDE /* UINavigationBar+JKR_BackgroundColor.m */ = {isa = PBXFileReference; fileEncoding = 4; lastKnownFileType = sourcecode.c.objc; path = "UINavigationBar+JKR_BackgroundColor.m"; sourceTree = "<group>"; };
		F39AD48B1E9B188A003F2279 /* UIColor+JKRColor.h */ = {isa = PBXFileReference; fileEncoding = 4; lastKnownFileType = sourcecode.c.h; path = "UIColor+JKRColor.h"; sourceTree = "<group>"; };
		F39AD48C1E9B188A003F2279 /* UIColor+JKRColor.m */ = {isa = PBXFileReference; fileEncoding = 4; lastKnownFileType = sourcecode.c.objc; path = "UIColor+JKRColor.m"; sourceTree = "<group>"; };
		F39AD48E1E9B1975003F2279 /* UIView+JKRTouch.h */ = {isa = PBXFileReference; fileEncoding = 4; lastKnownFileType = sourcecode.c.h; path = "UIView+JKRTouch.h"; sourceTree = "<group>"; };
		F39AD48F1E9B1975003F2279 /* UIView+JKRTouch.m */ = {isa = PBXFileReference; fileEncoding = 4; lastKnownFileType = sourcecode.c.objc; path = "UIView+JKRTouch.m"; sourceTree = "<group>"; };
		F39AD4911E9B1991003F2279 /* UIViewController+JKRStatusBarStyle.h */ = {isa = PBXFileReference; fileEncoding = 4; lastKnownFileType = sourcecode.c.h; path = "UIViewController+JKRStatusBarStyle.h"; sourceTree = "<group>"; };
		F39AD4921E9B1991003F2279 /* UIViewController+JKRStatusBarStyle.m */ = {isa = PBXFileReference; fileEncoding = 4; lastKnownFileType = sourcecode.c.objc; path = "UIViewController+JKRStatusBarStyle.m"; sourceTree = "<group>"; };
		F39AD4A61E9B2922003F2279 /* UIView+JKRSubView.h */ = {isa = PBXFileReference; fileEncoding = 4; lastKnownFileType = sourcecode.c.h; path = "UIView+JKRSubView.h"; sourceTree = "<group>"; };
		F39AD4A71E9B2922003F2279 /* UIView+JKRSubView.m */ = {isa = PBXFileReference; fileEncoding = 4; lastKnownFileType = sourcecode.c.objc; path = "UIView+JKRSubView.m"; sourceTree = "<group>"; };
		F39AD4A91E9B2A96003F2279 /* UIGestureRecognizer+JKRTouch.h */ = {isa = PBXFileReference; fileEncoding = 4; lastKnownFileType = sourcecode.c.h; path = "UIGestureRecognizer+JKRTouch.h"; sourceTree = "<group>"; };
		F39AD4AA1E9B2A96003F2279 /* UIGestureRecognizer+JKRTouch.m */ = {isa = PBXFileReference; fileEncoding = 4; lastKnownFileType = sourcecode.c.objc; path = "UIGestureRecognizer+JKRTouch.m"; sourceTree = "<group>"; };
		F3E6A88D1E94D367008795DB /* UIView+JKRViewController.h */ = {isa = PBXFileReference; fileEncoding = 4; lastKnownFileType = sourcecode.c.h; path = "UIView+JKRViewController.h"; sourceTree = "<group>"; };
		F3E6A88E1E94D367008795DB /* UIView+JKRViewController.m */ = {isa = PBXFileReference; fileEncoding = 4; lastKnownFileType = sourcecode.c.objc; path = "UIView+JKRViewController.m"; sourceTree = "<group>"; };
		F3E6A8931E94E838008795DB /* UIView+JKR_Frame.h */ = {isa = PBXFileReference; fileEncoding = 4; lastKnownFileType = sourcecode.c.h; path = "UIView+JKR_Frame.h"; sourceTree = "<group>"; };
		F3E6A8941E94E838008795DB /* UIView+JKR_Frame.m */ = {isa = PBXFileReference; fileEncoding = 4; lastKnownFileType = sourcecode.c.objc; path = "UIView+JKR_Frame.m"; sourceTree = "<group>"; };
		F3E6A8991E94FD30008795DB /* JKRSearchResultViewController.h */ = {isa = PBXFileReference; fileEncoding = 4; lastKnownFileType = sourcecode.c.h; path = JKRSearchResultViewController.h; sourceTree = "<group>"; };
		F3E6A89A1E94FD30008795DB /* JKRSearchResultViewController.m */ = {isa = PBXFileReference; fileEncoding = 4; lastKnownFileType = sourcecode.c.objc; path = JKRSearchResultViewController.m; sourceTree = "<group>"; };
		F3E6A89C1E94FD3A008795DB /* country.txt */ = {isa = PBXFileReference; fileEncoding = 4; lastKnownFileType = text; path = country.txt; sourceTree = "<group>"; };
		F3E6A89E1E94FF3B008795DB /* JKRDataStore.h */ = {isa = PBXFileReference; fileEncoding = 4; lastKnownFileType = sourcecode.c.h; path = JKRDataStore.h; sourceTree = "<group>"; };
		F3E6A89F1E94FF3B008795DB /* JKRDataStore.m */ = {isa = PBXFileReference; fileEncoding = 4; lastKnownFileType = sourcecode.c.objc; path = JKRDataStore.m; sourceTree = "<group>"; };
		F3F635241E9649AE0023D395 /* JKRTestViewController.h */ = {isa = PBXFileReference; fileEncoding = 4; lastKnownFileType = sourcecode.c.h; path = JKRTestViewController.h; sourceTree = "<group>"; };
		F3F635251E9649AE0023D395 /* JKRTestViewController.m */ = {isa = PBXFileReference; fileEncoding = 4; lastKnownFileType = sourcecode.c.objc; path = JKRTestViewController.m; sourceTree = "<group>"; };
		F3FCB4B01E94A82C00BDBE36 /* JKRSearchBar.h */ = {isa = PBXFileReference; fileEncoding = 4; lastKnownFileType = sourcecode.c.h; path = JKRSearchBar.h; sourceTree = "<group>"; };
		F3FCB4B11E94A82C00BDBE36 /* JKRSearchBar.m */ = {isa = PBXFileReference; fileEncoding = 4; lastKnownFileType = sourcecode.c.objc; path = JKRSearchBar.m; sourceTree = "<group>"; };
		F3FCB4B31E94A87E00BDBE36 /* JKRSearchController.h */ = {isa = PBXFileReference; fileEncoding = 4; lastKnownFileType = sourcecode.c.h; path = JKRSearchController.h; sourceTree = "<group>"; };
		F3FCB4B41E94A87E00BDBE36 /* JKRSearchController.m */ = {isa = PBXFileReference; fileEncoding = 4; lastKnownFileType = sourcecode.c.objc; path = JKRSearchController.m; sourceTree = "<group>"; };
		F3FCB4B91E94BE3500BDBE36 /* JKRSearchTextField.h */ = {isa = PBXFileReference; fileEncoding = 4; lastKnownFileType = sourcecode.c.h; path = JKRSearchTextField.h; sourceTree = "<group>"; };
		F3FCB4BA1E94BE3500BDBE36 /* JKRSearchTextField.m */ = {isa = PBXFileReference; fileEncoding = 4; lastKnownFileType = sourcecode.c.objc; path = JKRSearchTextField.m; sourceTree = "<group>"; };
/* End PBXFileReference section */

/* Begin PBXFrameworksBuildPhase section */
		055A05F71E93AD7800025BDE /* Frameworks */ = {
			isa = PBXFrameworksBuildPhase;
			buildActionMask = 2147483647;
			files = (
			);
			runOnlyForDeploymentPostprocessing = 0;
		};
		055A06101E93AD7800025BDE /* Frameworks */ = {
			isa = PBXFrameworksBuildPhase;
			buildActionMask = 2147483647;
			files = (
			);
			runOnlyForDeploymentPostprocessing = 0;
		};
		055A061B1E93AD7800025BDE /* Frameworks */ = {
			isa = PBXFrameworksBuildPhase;
			buildActionMask = 2147483647;
			files = (
			);
			runOnlyForDeploymentPostprocessing = 0;
		};
/* End PBXFrameworksBuildPhase section */

/* Begin PBXGroup section */
		05479D252050ED0B00949C78 /* Main */ = {
			isa = PBXGroup;
			children = (
				055A06391E93BB2000025BDE /* JKRTabBarController.h */,
				055A063A1E93BB2000025BDE /* JKRTabBarController.m */,
				055A06331E93B08A00025BDE /* JKRNavigationViewController.h */,
				055A06341E93B08A00025BDE /* JKRNavigationViewController.m */,
			);
			path = Main;
			sourceTree = "<group>";
		};
		05479D262050ED2000949C78 /* Home */ = {
			isa = PBXGroup;
			children = (
				055A06361E93B09E00025BDE /* JKRRootViewController.h */,
				055A06371E93B09E00025BDE /* JKRRootViewController.m */,
				F3E6A8991E94FD30008795DB /* JKRSearchResultViewController.h */,
				F3E6A89A1E94FD30008795DB /* JKRSearchResultViewController.m */,
				F3F635241E9649AE0023D395 /* JKRTestViewController.h */,
				F3F635251E9649AE0023D395 /* JKRTestViewController.m */,
			);
			path = Home;
			sourceTree = "<group>";
		};
		05479D272050ED6200949C78 /* SearchController */ = {
			isa = PBXGroup;
			children = (
				F3FCB4B31E94A87E00BDBE36 /* JKRSearchController.h */,
				F3FCB4B41E94A87E00BDBE36 /* JKRSearchController.m */,
				F3FCB4B01E94A82C00BDBE36 /* JKRSearchBar.h */,
				F3FCB4B11E94A82C00BDBE36 /* JKRSearchBar.m */,
				F3FCB4B91E94BE3500BDBE36 /* JKRSearchTextField.h */,
				F3FCB4BA1E94BE3500BDBE36 /* JKRSearchTextField.m */,
			);
			path = SearchController;
			sourceTree = "<group>";
		};
		05479D282050ED8C00949C78 /* Contacts */ = {
			isa = PBXGroup;
			children = (
				055A063C1E93BB3400025BDE /* JKRContactsViewController.h */,
				055A063D1E93BB3400025BDE /* JKRContactsViewController.m */,
			);
			path = Contacts;
			sourceTree = "<group>";
		};
		05479D292050ED9F00949C78 /* Find */ = {
			isa = PBXGroup;
			children = (
				055A063F1E93BB3F00025BDE /* JKRFindViewController.h */,
				055A06401E93BB3F00025BDE /* JKRFindViewController.m */,
			);
			path = Find;
			sourceTree = "<group>";
		};
		05479D2A2050EDB400949C78 /* Me */ = {
			isa = PBXGroup;
			children = (
				055A06421E93BB4600025BDE /* JKRMeViewController.h */,
				055A06431E93BB4600025BDE /* JKRMeViewController.m */,
			);
			path = Me;
			sourceTree = "<group>";
		};
		05479D2B2050EDD300949C78 /* Category */ = {
			isa = PBXGroup;
			children = (
				F39AD4911E9B1991003F2279 /* UIViewController+JKRStatusBarStyle.h */,
				F39AD4921E9B1991003F2279 /* UIViewController+JKRStatusBarStyle.m */,
				F39AD48E1E9B1975003F2279 /* UIView+JKRTouch.h */,
				F39AD48F1E9B1975003F2279 /* UIView+JKRTouch.m */,
				F39AD48B1E9B188A003F2279 /* UIColor+JKRColor.h */,
				F39AD48C1E9B188A003F2279 /* UIColor+JKRColor.m */,
				055A06461E93C44300025BDE /* UINavigationBar+JKR_BackgroundColor.h */,
				055A06471E93C44300025BDE /* UINavigationBar+JKR_BackgroundColor.m */,
				055A06301E93B02E00025BDE /* AppDelegate+JKRRootViewController.h */,
				055A06311E93B02E00025BDE /* AppDelegate+JKRRootViewController.m */,
				F3E6A88D1E94D367008795DB /* UIView+JKRViewController.h */,
				F3E6A88E1E94D367008795DB /* UIView+JKRViewController.m */,
				F39AD4A61E9B2922003F2279 /* UIView+JKRSubView.h */,
				F39AD4A71E9B2922003F2279 /* UIView+JKRSubView.m */,
				F39AD4A91E9B2A96003F2279 /* UIGestureRecognizer+JKRTouch.h */,
				F39AD4AA1E9B2A96003F2279 /* UIGestureRecognizer+JKRTouch.m */,
				F3E6A8931E94E838008795DB /* UIView+JKR_Frame.h */,
				F3E6A8941E94E838008795DB /* UIView+JKR_Frame.m */,
			);
			path = Category;
			sourceTree = "<group>";
		};
		05479D2C2050EDE800949C78 /* Data */ = {
			isa = PBXGroup;
			children = (
				F3E6A89E1E94FF3B008795DB /* JKRDataStore.h */,
				F3E6A89F1E94FF3B008795DB /* JKRDataStore.m */,
				F3E6A89C1E94FD3A008795DB /* country.txt */,
			);
			path = Data;
			sourceTree = "<group>";
		};
		055A05F11E93AD7800025BDE = {
			isa = PBXGroup;
			children = (
				055A05FC1E93AD7800025BDE /* JKRSearchDemo */,
				055A06161E93AD7800025BDE /* JKRSearchDemoTests */,
				055A06211E93AD7800025BDE /* JKRSearchDemoUITests */,
				055A05FB1E93AD7800025BDE /* Products */,
			);
			sourceTree = "<group>";
		};
		055A05FB1E93AD7800025BDE /* Products */ = {
			isa = PBXGroup;
			children = (
				055A05FA1E93AD7800025BDE /* JKRSearchDemo.app */,
				055A06131E93AD7800025BDE /* JKRSearchDemoTests.xctest */,
				055A061E1E93AD7800025BDE /* JKRSearchDemoUITests.xctest */,
			);
			name = Products;
			sourceTree = "<group>";
		};
		055A05FC1E93AD7800025BDE /* JKRSearchDemo */ = {
			isa = PBXGroup;
			children = (
				055A06451E93BD4100025BDE /* JKRSearchHeader.h */,
				055A06001E93AD7800025BDE /* AppDelegate.h */,
				055A06011E93AD7800025BDE /* AppDelegate.m */,
				05479D252050ED0B00949C78 /* Main */,
				05479D262050ED2000949C78 /* Home */,
				05479D272050ED6200949C78 /* SearchController */,
				05479D282050ED8C00949C78 /* Contacts */,
				05479D292050ED9F00949C78 /* Find */,
				05479D2A2050EDB400949C78 /* Me */,
				05479D2B2050EDD300949C78 /* Category */,
				05479D2C2050EDE800949C78 /* Data */,
				055A06091E93AD7800025BDE /* Assets.xcassets */,
				055A060B1E93AD7800025BDE /* LaunchScreen.storyboard */,
				055A060E1E93AD7800025BDE /* Info.plist */,
				055A05FD1E93AD7800025BDE /* Supporting Files */,
			);
			path = JKRSearchDemo;
			sourceTree = "<group>";
		};
		055A05FD1E93AD7800025BDE /* Supporting Files */ = {
			isa = PBXGroup;
			children = (
				055A05FE1E93AD7800025BDE /* main.m */,
			);
			name = "Supporting Files";
			sourceTree = "<group>";
		};
		055A06161E93AD7800025BDE /* JKRSearchDemoTests */ = {
			isa = PBXGroup;
			children = (
				055A06171E93AD7800025BDE /* JKRSearchDemoTests.m */,
				055A06191E93AD7800025BDE /* Info.plist */,
			);
			path = JKRSearchDemoTests;
			sourceTree = "<group>";
		};
		055A06211E93AD7800025BDE /* JKRSearchDemoUITests */ = {
			isa = PBXGroup;
			children = (
				055A06221E93AD7800025BDE /* JKRSearchDemoUITests.m */,
				055A06241E93AD7800025BDE /* Info.plist */,
			);
			path = JKRSearchDemoUITests;
			sourceTree = "<group>";
		};
/* End PBXGroup section */

/* Begin PBXNativeTarget section */
		055A05F91E93AD7800025BDE /* JKRSearchDemo */ = {
			isa = PBXNativeTarget;
			buildConfigurationList = 055A06271E93AD7800025BDE /* Build configuration list for PBXNativeTarget "JKRSearchDemo" */;
			buildPhases = (
				055A05F61E93AD7800025BDE /* Sources */,
				055A05F71E93AD7800025BDE /* Frameworks */,
				055A05F81E93AD7800025BDE /* Resources */,
				050A47742074D275009F7307 /* ShellScript */,
			);
			buildRules = (
			);
			dependencies = (
			);
			name = JKRSearchDemo;
			productName = JKRSearchDemo;
			productReference = 055A05FA1E93AD7800025BDE /* JKRSearchDemo.app */;
			productType = "com.apple.product-type.application";
		};
		055A06121E93AD7800025BDE /* JKRSearchDemoTests */ = {
			isa = PBXNativeTarget;
			buildConfigurationList = 055A062A1E93AD7800025BDE /* Build configuration list for PBXNativeTarget "JKRSearchDemoTests" */;
			buildPhases = (
				055A060F1E93AD7800025BDE /* Sources */,
				055A06101E93AD7800025BDE /* Frameworks */,
				055A06111E93AD7800025BDE /* Resources */,
			);
			buildRules = (
			);
			dependencies = (
				055A06151E93AD7800025BDE /* PBXTargetDependency */,
			);
			name = JKRSearchDemoTests;
			productName = JKRSearchDemoTests;
			productReference = 055A06131E93AD7800025BDE /* JKRSearchDemoTests.xctest */;
			productType = "com.apple.product-type.bundle.unit-test";
		};
		055A061D1E93AD7800025BDE /* JKRSearchDemoUITests */ = {
			isa = PBXNativeTarget;
			buildConfigurationList = 055A062D1E93AD7800025BDE /* Build configuration list for PBXNativeTarget "JKRSearchDemoUITests" */;
			buildPhases = (
				055A061A1E93AD7800025BDE /* Sources */,
				055A061B1E93AD7800025BDE /* Frameworks */,
				055A061C1E93AD7800025BDE /* Resources */,
			);
			buildRules = (
			);
			dependencies = (
				055A06201E93AD7800025BDE /* PBXTargetDependency */,
			);
			name = JKRSearchDemoUITests;
			productName = JKRSearchDemoUITests;
			productReference = 055A061E1E93AD7800025BDE /* JKRSearchDemoUITests.xctest */;
			productType = "com.apple.product-type.bundle.ui-testing";
		};
/* End PBXNativeTarget section */

/* Begin PBXProject section */
		055A05F21E93AD7800025BDE /* Project object */ = {
			isa = PBXProject;
			attributes = {
				LastUpgradeCheck = 0830;
				ORGANIZATIONNAME = Lucky;
				TargetAttributes = {
					055A05F91E93AD7800025BDE = {
						CreatedOnToolsVersion = 8.1;
						ProvisioningStyle = Automatic;
					};
					055A06121E93AD7800025BDE = {
						CreatedOnToolsVersion = 8.1;
						ProvisioningStyle = Automatic;
						TestTargetID = 055A05F91E93AD7800025BDE;
					};
					055A061D1E93AD7800025BDE = {
						CreatedOnToolsVersion = 8.1;
						ProvisioningStyle = Automatic;
						TestTargetID = 055A05F91E93AD7800025BDE;
					};
				};
			};
			buildConfigurationList = 055A05F51E93AD7800025BDE /* Build configuration list for PBXProject "JKRSearchDemo" */;
			compatibilityVersion = "Xcode 3.2";
			developmentRegion = English;
			hasScannedForEncodings = 0;
			knownRegions = (
				en,
				Base,
			);
			mainGroup = 055A05F11E93AD7800025BDE;
			productRefGroup = 055A05FB1E93AD7800025BDE /* Products */;
			projectDirPath = "";
			projectRoot = "";
			targets = (
				055A05F91E93AD7800025BDE /* JKRSearchDemo */,
				055A06121E93AD7800025BDE /* JKRSearchDemoTests */,
				055A061D1E93AD7800025BDE /* JKRSearchDemoUITests */,
			);
		};
/* End PBXProject section */

/* Begin PBXResourcesBuildPhase section */
		055A05F81E93AD7800025BDE /* Resources */ = {
			isa = PBXResourcesBuildPhase;
			buildActionMask = 2147483647;
			files = (
				F3E6A89D1E94FD3A008795DB /* country.txt in Resources */,
				055A060D1E93AD7800025BDE /* LaunchScreen.storyboard in Resources */,
				055A060A1E93AD7800025BDE /* Assets.xcassets in Resources */,
			);
			runOnlyForDeploymentPostprocessing = 0;
		};
		055A06111E93AD7800025BDE /* Resources */ = {
			isa = PBXResourcesBuildPhase;
			buildActionMask = 2147483647;
			files = (
			);
			runOnlyForDeploymentPostprocessing = 0;
		};
		055A061C1E93AD7800025BDE /* Resources */ = {
			isa = PBXResourcesBuildPhase;
			buildActionMask = 2147483647;
			files = (
			);
			runOnlyForDeploymentPostprocessing = 0;
		};
/* End PBXResourcesBuildPhase section */

/* Begin PBXShellScriptBuildPhase section */
		050A47742074D275009F7307 /* ShellScript */ = {
			isa = PBXShellScriptBuildPhase;
			buildActionMask = 2147483647;
			files = (
			);
			inputPaths = (
			);
			outputPaths = (
			);
			runOnlyForDeploymentPostprocessing = 0;
			shellPath = /bin/sh;
			shellScript = "REVEAL_APP_PATH=$(mdfind kMDItemCFBundleIdentifier=\"com.ittybittyapps.Reveal2\" | head -n 1)\nBUILD_SCRIPT_PATH=\"${REVEAL_APP_PATH}/Contents/SharedSupport/Scripts/reveal_server_build_phase.sh\"\nif [ \"${REVEAL_APP_PATH}\" -a -e \"${BUILD_SCRIPT_PATH}\" ]; then\n\"${BUILD_SCRIPT_PATH}\"\nelse\necho \"Reveal Server not loaded: Cannot find a compatible Reveal app.\"\nfi";
		};
/* End PBXShellScriptBuildPhase section */

/* Begin PBXSourcesBuildPhase section */
		055A05F61E93AD7800025BDE /* Sources */ = {
			isa = PBXSourcesBuildPhase;
			buildActionMask = 2147483647;
			files = (
				F39AD48D1E9B188A003F2279 /* UIColor+JKRColor.m in Sources */,
				055A06021E93AD7800025BDE /* AppDelegate.m in Sources */,
				F39AD4AB1E9B2A96003F2279 /* UIGestureRecognizer+JKRTouch.m in Sources */,
				055A06411E93BB3F00025BDE /* JKRFindViewController.m in Sources */,
				F3E6A89B1E94FD30008795DB /* JKRSearchResultViewController.m in Sources */,
				055A063B1E93BB2000025BDE /* JKRTabBarController.m in Sources */,
				F3FCB4B21E94A82C00BDBE36 /* JKRSearchBar.m in Sources */,
				055A06481E93C44300025BDE /* UINavigationBar+JKR_BackgroundColor.m in Sources */,
				F3F635261E9649AE0023D395 /* JKRTestViewController.m in Sources */,
				F3FCB4B51E94A87E00BDBE36 /* JKRSearchController.m in Sources */,
				F39AD4931E9B1991003F2279 /* UIViewController+JKRStatusBarStyle.m in Sources */,
				F39AD4A81E9B2922003F2279 /* UIView+JKRSubView.m in Sources */,
				055A05FF1E93AD7800025BDE /* main.m in Sources */,
				F3E6A88F1E94D367008795DB /* UIView+JKRViewController.m in Sources */,
				055A06441E93BB4600025BDE /* JKRMeViewController.m in Sources */,
				055A06351E93B08A00025BDE /* JKRNavigationViewController.m in Sources */,
				F3FCB4BB1E94BE3500BDBE36 /* JKRSearchTextField.m in Sources */,
				055A063E1E93BB3400025BDE /* JKRContactsViewController.m in Sources */,
				055A06381E93B09E00025BDE /* JKRRootViewController.m in Sources */,
				F3E6A8A01E94FF3B008795DB /* JKRDataStore.m in Sources */,
				055A06321E93B02E00025BDE /* AppDelegate+JKRRootViewController.m in Sources */,
				F3E6A8951E94E838008795DB /* UIView+JKR_Frame.m in Sources */,
				F39AD4901E9B1975003F2279 /* UIView+JKRTouch.m in Sources */,
			);
			runOnlyForDeploymentPostprocessing = 0;
		};
		055A060F1E93AD7800025BDE /* Sources */ = {
			isa = PBXSourcesBuildPhase;
			buildActionMask = 2147483647;
			files = (
				055A06181E93AD7800025BDE /* JKRSearchDemoTests.m in Sources */,
			);
			runOnlyForDeploymentPostprocessing = 0;
		};
		055A061A1E93AD7800025BDE /* Sources */ = {
			isa = PBXSourcesBuildPhase;
			buildActionMask = 2147483647;
			files = (
				055A06231E93AD7800025BDE /* JKRSearchDemoUITests.m in Sources */,
			);
			runOnlyForDeploymentPostprocessing = 0;
		};
/* End PBXSourcesBuildPhase section */

/* Begin PBXTargetDependency section */
		055A06151E93AD7800025BDE /* PBXTargetDependency */ = {
			isa = PBXTargetDependency;
			target = 055A05F91E93AD7800025BDE /* JKRSearchDemo */;
			targetProxy = 055A06141E93AD7800025BDE /* PBXContainerItemProxy */;
		};
		055A06201E93AD7800025BDE /* PBXTargetDependency */ = {
			isa = PBXTargetDependency;
			target = 055A05F91E93AD7800025BDE /* JKRSearchDemo */;
			targetProxy = 055A061F1E93AD7800025BDE /* PBXContainerItemProxy */;
		};
/* End PBXTargetDependency section */

/* Begin PBXVariantGroup section */
		055A060B1E93AD7800025BDE /* LaunchScreen.storyboard */ = {
			isa = PBXVariantGroup;
			children = (
				055A060C1E93AD7800025BDE /* Base */,
			);
			name = LaunchScreen.storyboard;
			sourceTree = "<group>";
		};
/* End PBXVariantGroup section */

/* Begin XCBuildConfiguration section */
		055A06251E93AD7800025BDE /* Debug */ = {
			isa = XCBuildConfiguration;
			buildSettings = {
				ALWAYS_SEARCH_USER_PATHS = NO;
				CLANG_ANALYZER_NONNULL = YES;
				CLANG_CXX_LANGUAGE_STANDARD = "gnu++0x";
				CLANG_CXX_LIBRARY = "libc++";
				CLANG_ENABLE_MODULES = YES;
				CLANG_ENABLE_OBJC_ARC = YES;
				CLANG_WARN_BOOL_CONVERSION = YES;
				CLANG_WARN_CONSTANT_CONVERSION = YES;
				CLANG_WARN_DIRECT_OBJC_ISA_USAGE = YES_ERROR;
				CLANG_WARN_DOCUMENTATION_COMMENTS = YES;
				CLANG_WARN_EMPTY_BODY = YES;
				CLANG_WARN_ENUM_CONVERSION = YES;
				CLANG_WARN_INFINITE_RECURSION = YES;
				CLANG_WARN_INT_CONVERSION = YES;
				CLANG_WARN_OBJC_ROOT_CLASS = YES_ERROR;
				CLANG_WARN_SUSPICIOUS_MOVE = YES;
				CLANG_WARN_SUSPICIOUS_MOVES = YES;
				CLANG_WARN_UNREACHABLE_CODE = YES;
				CLANG_WARN__DUPLICATE_METHOD_MATCH = YES;
				"CODE_SIGN_IDENTITY[sdk=iphoneos*]" = "iPhone Developer";
				COPY_PHASE_STRIP = NO;
				DEBUG_INFORMATION_FORMAT = dwarf;
				ENABLE_STRICT_OBJC_MSGSEND = YES;
				ENABLE_TESTABILITY = YES;
				GCC_C_LANGUAGE_STANDARD = gnu99;
				GCC_DYNAMIC_NO_PIC = NO;
				GCC_NO_COMMON_BLOCKS = YES;
				GCC_OPTIMIZATION_LEVEL = 0;
				GCC_PREPROCESSOR_DEFINITIONS = (
					"DEBUG=1",
					"$(inherited)",
				);
				GCC_WARN_64_TO_32_BIT_CONVERSION = YES;
				GCC_WARN_ABOUT_RETURN_TYPE = YES_ERROR;
				GCC_WARN_UNDECLARED_SELECTOR = YES;
				GCC_WARN_UNINITIALIZED_AUTOS = YES_AGGRESSIVE;
				GCC_WARN_UNUSED_FUNCTION = YES;
				GCC_WARN_UNUSED_VARIABLE = YES;
				IPHONEOS_DEPLOYMENT_TARGET = 10.1;
				MTL_ENABLE_DEBUG_INFO = YES;
				ONLY_ACTIVE_ARCH = YES;
				SDKROOT = iphoneos;
			};
			name = Debug;
		};
		055A06261E93AD7800025BDE /* Release */ = {
			isa = XCBuildConfiguration;
			buildSettings = {
				ALWAYS_SEARCH_USER_PATHS = NO;
				CLANG_ANALYZER_NONNULL = YES;
				CLANG_CXX_LANGUAGE_STANDARD = "gnu++0x";
				CLANG_CXX_LIBRARY = "libc++";
				CLANG_ENABLE_MODULES = YES;
				CLANG_ENABLE_OBJC_ARC = YES;
				CLANG_WARN_BOOL_CONVERSION = YES;
				CLANG_WARN_CONSTANT_CONVERSION = YES;
				CLANG_WARN_DIRECT_OBJC_ISA_USAGE = YES_ERROR;
				CLANG_WARN_DOCUMENTATION_COMMENTS = YES;
				CLANG_WARN_EMPTY_BODY = YES;
				CLANG_WARN_ENUM_CONVERSION = YES;
				CLANG_WARN_INFINITE_RECURSION = YES;
				CLANG_WARN_INT_CONVERSION = YES;
				CLANG_WARN_OBJC_ROOT_CLASS = YES_ERROR;
				CLANG_WARN_SUSPICIOUS_MOVE = YES;
				CLANG_WARN_SUSPICIOUS_MOVES = YES;
				CLANG_WARN_UNREACHABLE_CODE = YES;
				CLANG_WARN__DUPLICATE_METHOD_MATCH = YES;
				"CODE_SIGN_IDENTITY[sdk=iphoneos*]" = "iPhone Developer";
				COPY_PHASE_STRIP = NO;
				DEBUG_INFORMATION_FORMAT = "dwarf-with-dsym";
				ENABLE_NS_ASSERTIONS = NO;
				ENABLE_STRICT_OBJC_MSGSEND = YES;
				GCC_C_LANGUAGE_STANDARD = gnu99;
				GCC_NO_COMMON_BLOCKS = YES;
				GCC_WARN_64_TO_32_BIT_CONVERSION = YES;
				GCC_WARN_ABOUT_RETURN_TYPE = YES_ERROR;
				GCC_WARN_UNDECLARED_SELECTOR = YES;
				GCC_WARN_UNINITIALIZED_AUTOS = YES_AGGRESSIVE;
				GCC_WARN_UNUSED_FUNCTION = YES;
				GCC_WARN_UNUSED_VARIABLE = YES;
				IPHONEOS_DEPLOYMENT_TARGET = 10.1;
				MTL_ENABLE_DEBUG_INFO = NO;
				SDKROOT = iphoneos;
				VALIDATE_PRODUCT = YES;
			};
			name = Release;
		};
		055A06281E93AD7800025BDE /* Debug */ = {
			isa = XCBuildConfiguration;
			buildSettings = {
				ASSETCATALOG_COMPILER_APPICON_NAME = AppIcon;
				ENABLE_STRICT_OBJC_MSGSEND = NO;
				GCC_PREFIX_HEADER = JKRSearchDemo/JKRSearchHeader.h;
				INFOPLIST_FILE = JKRSearchDemo/Info.plist;
				LD_RUNPATH_SEARCH_PATHS = "$(inherited) @executable_path/Frameworks";
				PRODUCT_BUNDLE_IDENTIFIER = ttx.JKRSearchDemo;
				PRODUCT_NAME = "$(TARGET_NAME)";
			};
			name = Debug;
		};
		055A06291E93AD7800025BDE /* Release */ = {
			isa = XCBuildConfiguration;
			buildSettings = {
				ASSETCATALOG_COMPILER_APPICON_NAME = AppIcon;
				ENABLE_STRICT_OBJC_MSGSEND = NO;
				GCC_PREFIX_HEADER = JKRSearchDemo/JKRSearchHeader.h;
				INFOPLIST_FILE = JKRSearchDemo/Info.plist;
				LD_RUNPATH_SEARCH_PATHS = "$(inherited) @executable_path/Frameworks";
				PRODUCT_BUNDLE_IDENTIFIER = ttx.JKRSearchDemo;
				PRODUCT_NAME = "$(TARGET_NAME)";
			};
			name = Release;
		};
		055A062B1E93AD7800025BDE /* Debug */ = {
			isa = XCBuildConfiguration;
			buildSettings = {
				BUNDLE_LOADER = "$(TEST_HOST)";
				INFOPLIST_FILE = JKRSearchDemoTests/Info.plist;
				LD_RUNPATH_SEARCH_PATHS = "$(inherited) @executable_path/Frameworks @loader_path/Frameworks";
				PRODUCT_BUNDLE_IDENTIFIER = ttx.JKRSearchDemoTests;
				PRODUCT_NAME = "$(TARGET_NAME)";
				TEST_HOST = "$(BUILT_PRODUCTS_DIR)/JKRSearchDemo.app/JKRSearchDemo";
			};
			name = Debug;
		};
		055A062C1E93AD7800025BDE /* Release */ = {
			isa = XCBuildConfiguration;
			buildSettings = {
				BUNDLE_LOADER = "$(TEST_HOST)";
				INFOPLIST_FILE = JKRSearchDemoTests/Info.plist;
				LD_RUNPATH_SEARCH_PATHS = "$(inherited) @executable_path/Frameworks @loader_path/Frameworks";
				PRODUCT_BUNDLE_IDENTIFIER = ttx.JKRSearchDemoTests;
				PRODUCT_NAME = "$(TARGET_NAME)";
				TEST_HOST = "$(BUILT_PRODUCTS_DIR)/JKRSearchDemo.app/JKRSearchDemo";
			};
			name = Release;
		};
		055A062E1E93AD7800025BDE /* Debug */ = {
			isa = XCBuildConfiguration;
			buildSettings = {
				INFOPLIST_FILE = JKRSearchDemoUITests/Info.plist;
				LD_RUNPATH_SEARCH_PATHS = "$(inherited) @executable_path/Frameworks @loader_path/Frameworks";
				PRODUCT_BUNDLE_IDENTIFIER = ttx.JKRSearchDemoUITests;
				PRODUCT_NAME = "$(TARGET_NAME)";
				TEST_TARGET_NAME = JKRSearchDemo;
			};
			name = Debug;
		};
		055A062F1E93AD7800025BDE /* Release */ = {
			isa = XCBuildConfiguration;
			buildSettings = {
				INFOPLIST_FILE = JKRSearchDemoUITests/Info.plist;
				LD_RUNPATH_SEARCH_PATHS = "$(inherited) @executable_path/Frameworks @loader_path/Frameworks";
				PRODUCT_BUNDLE_IDENTIFIER = ttx.JKRSearchDemoUITests;
				PRODUCT_NAME = "$(TARGET_NAME)";
				TEST_TARGET_NAME = JKRSearchDemo;
			};
			name = Release;
		};
/* End XCBuildConfiguration section */

/* Begin XCConfigurationList section */
		055A05F51E93AD7800025BDE /* Build configuration list for PBXProject "JKRSearchDemo" */ = {
			isa = XCConfigurationList;
			buildConfigurations = (
				055A06251E93AD7800025BDE /* Debug */,
				055A06261E93AD7800025BDE /* Release */,
			);
			defaultConfigurationIsVisible = 0;
			defaultConfigurationName = Release;
		};
		055A06271E93AD7800025BDE /* Build configuration list for PBXNativeTarget "JKRSearchDemo" */ = {
			isa = XCConfigurationList;
			buildConfigurations = (
				055A06281E93AD7800025BDE /* Debug */,
				055A06291E93AD7800025BDE /* Release */,
			);
			defaultConfigurationIsVisible = 0;
			defaultConfigurationName = Release;
		};
		055A062A1E93AD7800025BDE /* Build configuration list for PBXNativeTarget "JKRSearchDemoTests" */ = {
			isa = XCConfigurationList;
			buildConfigurations = (
				055A062B1E93AD7800025BDE /* Debug */,
				055A062C1E93AD7800025BDE /* Release */,
			);
			defaultConfigurationIsVisible = 0;
			defaultConfigurationName = Release;
		};
		055A062D1E93AD7800025BDE /* Build configuration list for PBXNativeTarget "JKRSearchDemoUITests" */ = {
			isa = XCConfigurationList;
			buildConfigurations = (
				055A062E1E93AD7800025BDE /* Debug */,
				055A062F1E93AD7800025BDE /* Release */,
			);
			defaultConfigurationIsVisible = 0;
			defaultConfigurationName = Release;
		};
/* End XCConfigurationList section */
	};
	rootObject = 055A05F21E93AD7800025BDE /* Project object */;
}
